
Microsoft Visual Studio Solution File, Format Version 12.00
# Visual Studio Version 17
VisualStudioVersion = 17.4.33205.214
MinimumVisualStudioVersion = 10.0.40219.1
Project("{FAE04EC0-301F-11D3-BF4B-00C04F79EFBC}") = "MyWebSite.DAL", "MyWebSite.DAL\MyWebSite.DAL.csproj", "{A1E09DCF-38DC-423F-B4BC-E7EF29B66341}"
EndProject
Project("{FAE04EC0-301F-11D3-BF4B-00C04F79EFBC}") = "MyWebSite.BL", "MyWebSite.BL\MyWebSite.BL.csproj", "{A6D47022-7662-4465-8170-2EC93228C262}"
EndProject
Project("{FAE04EC0-301F-11D3-BF4B-00C04F79EFBC}") = "MyWebSite.WebUI", "MyWebSite.WebUI\MyWebSite.WebUI.csproj", "{3386DD86-D4A3-43C4-A2FB-CA953904CD59}"
EndProject
Global
	GlobalSection(SolutionConfigurationPlatforms) = preSolution
		Debug|Any CPU = Debug|Any CPU
		Release|Any CPU = Release|Any CPU
	EndGlobalSection
	GlobalSection(ProjectConfigurationPlatforms) = postSolution
		{A1E09DCF-38DC-423F-B4BC-E7EF29B66341}.Debug|Any CPU.ActiveCfg = Debug|Any CPU
		{A1E09DCF-38DC-423F-B4BC-E7EF29B66341}.Debug|Any CPU.Build.0 = Debug|Any CPU
		{A1E09DCF-38DC-423F-B4BC-E7EF29B66341}.Release|Any CPU.ActiveCfg = Release|Any CPU
		{A1E09DCF-38DC-423F-B4BC-E7EF29B66341}.Release|Any CPU.Build.0 = Release|Any CPU
		{A6D47022-7662-4465-8170-2EC93228C262}.Debug|Any CPU.ActiveCfg = Debug|Any CPU
		{A6D47022-7662-4465-8170-2EC93228C262}.Debug|Any CPU.Build.0 = Debug|Any CPU
		{A6D47022-7662-4465-8170-2EC93228C262}.Release|Any CPU.ActiveCfg = Release|Any CPU
		{A6D47022-7662-4465-8170-2EC93228C262}.Release|Any CPU.Build.0 = Release|Any CPU
		{3386DD86-D4A3-43C4-A2FB-CA953904CD59}.Debug|Any CPU.ActiveCfg = Debug|Any CPU
		{3386DD86-D4A3-43C4-A2FB-CA953904CD59}.Debug|Any CPU.Build.0 = Debug|Any CPU
		{3386DD86-D4A3-43C4-A2FB-CA953904CD59}.Release|Any CPU.ActiveCfg = Release|Any CPU
		{3386DD86-D4A3-43C4-A2FB-CA953904CD59}.Release|Any CPU.Build.0 = Release|Any CPU
	EndGlobalSection
	GlobalSection(SolutionProperties) = preSolution
		HideSolutionNode = FALSE
	EndGlobalSection
	GlobalSection(ExtensibilityGlobals) = postSolution
		SolutionGuid = {28AE0F44-E146-4A0F-8A78-DB1CAD9CD878}
	EndGlobalSection
EndGlobal
